
Microsoft Visual Studio Solution File, Format Version 12.00
# Visual Studio Version 16
VisualStudioVersion = 16.0.30406.217
MinimumVisualStudioVersion = 10.0.40219.1
Project("{FAE04EC0-301F-11D3-BF4B-00C04F79EFBC}") = "LockdownPubQuiz", "LockdownPubQuiz\LockdownPubQuiz.csproj", "{C95AEDE5-EB70-4440-831E-6F145B6365A5}"
EndProject
Project("{FAE04EC0-301F-11D3-BF4B-00C04F79EFBC}") = "LockdownPubQuiz.DAL", "LockdownPubQuiz.DAL\LockdownPubQuiz.DAL.csproj", "{038E577E-98B0-446B-B291-4DFD7720730F}"
EndProject
Project("{FAE04EC0-301F-11D3-BF4B-00C04F79EFBC}") = "LockdownPubQuiz.Core", "LockdownPubQuiz.Core\LockdownPubQuiz.Core.csproj", "{2F45657B-FDCC-4283-A681-2571BDB5DB16}"
EndProject
Global
	GlobalSection(SolutionConfigurationPlatforms) = preSolution
		Debug|Any CPU = Debug|Any CPU
		Release|Any CPU = Release|Any CPU
	EndGlobalSection
	GlobalSection(ProjectConfigurationPlatforms) = postSolution
		{C95AEDE5-EB70-4440-831E-6F145B6365A5}.Debug|Any CPU.ActiveCfg = Debug|Any CPU
		{C95AEDE5-EB70-4440-831E-6F145B6365A5}.Debug|Any CPU.Build.0 = Debug|Any CPU
		{C95AEDE5-EB70-4440-831E-6F145B6365A5}.Release|Any CPU.ActiveCfg = Release|Any CPU
		{C95AEDE5-EB70-4440-831E-6F145B6365A5}.Release|Any CPU.Build.0 = Release|Any CPU
		{038E577E-98B0-446B-B291-4DFD7720730F}.Debug|Any CPU.ActiveCfg = Debug|Any CPU
		{038E577E-98B0-446B-B291-4DFD7720730F}.Debug|Any CPU.Build.0 = Debug|Any CPU
		{038E577E-98B0-446B-B291-4DFD7720730F}.Release|Any CPU.ActiveCfg = Release|Any CPU
		{038E577E-98B0-446B-B291-4DFD7720730F}.Release|Any CPU.Build.0 = Release|Any CPU
		{2F45657B-FDCC-4283-A681-2571BDB5DB16}.Debug|Any CPU.ActiveCfg = Debug|Any CPU
		{2F45657B-FDCC-4283-A681-2571BDB5DB16}.Debug|Any CPU.Build.0 = Debug|Any CPU
		{2F45657B-FDCC-4283-A681-2571BDB5DB16}.Release|Any CPU.ActiveCfg = Release|Any CPU
		{2F45657B-FDCC-4283-A681-2571BDB5DB16}.Release|Any CPU.Build.0 = Release|Any CPU
	EndGlobalSection
	GlobalSection(SolutionProperties) = preSolution
		HideSolutionNode = FALSE
	EndGlobalSection
	GlobalSection(ExtensibilityGlobals) = postSolution
		SolutionGuid = {5F39D32D-8E7A-4BA1-A7F1-774889D96594}
	EndGlobalSection
EndGlobal
